// !$*UTF8*$!
{
	archiveVersion = 1;
	classes = {
	};
	objectVersion = 50;
	objects = {

/* Begin PBXBuildFile section */
		838E797723F223BF00B7A3A4 /* AppDelegate.swift in Sources */ = {isa = PBXBuildFile; fileRef = 838E797623F223BF00B7A3A4 /* AppDelegate.swift */; };
		838E797923F223BF00B7A3A4 /* SceneDelegate.swift in Sources */ = {isa = PBXBuildFile; fileRef = 838E797823F223BF00B7A3A4 /* SceneDelegate.swift */; };
		838E797B23F223BF00B7A3A4 /* ContentView.swift in Sources */ = {isa = PBXBuildFile; fileRef = 838E797A23F223BF00B7A3A4 /* ContentView.swift */; };
		838E797D23F223C100B7A3A4 /* Assets.xcassets in Resources */ = {isa = PBXBuildFile; fileRef = 838E797C23F223C100B7A3A4 /* Assets.xcassets */; };
		838E798023F223C100B7A3A4 /* Preview Assets.xcassets in Resources */ = {isa = PBXBuildFile; fileRef = 838E797F23F223C100B7A3A4 /* Preview Assets.xcassets */; };
		838E798323F223C100B7A3A4 /* LaunchScreen.storyboard in Resources */ = {isa = PBXBuildFile; fileRef = 838E798123F223C100B7A3A4 /* LaunchScreen.storyboard */; };
/* End PBXBuildFile section */

/* Begin PBXFileReference section */
		838E797323F223BF00B7A3A4 /* BrainTraining.app */ = {isa = PBXFileReference; explicitFileType = wrapper.application; includeInIndex = 0; path = BrainTraining.app; sourceTree = BUILT_PRODUCTS_DIR; };
		838E797623F223BF00B7A3A4 /* AppDelegate.swift */ = {isa = PBXFileReference; lastKnownFileType = sourcecode.swift; path = AppDelegate.swift; sourceTree = "<group>"; };
		838E797823F223BF00B7A3A4 /* SceneDelegate.swift */ = {isa = PBXFileReference; lastKnownFileType = sourcecode.swift; path = SceneDelegate.swift; sourceTree = "<group>"; };
		838E797A23F223BF00B7A3A4 /* ContentView.swift */ = {isa = PBXFileReference; lastKnownFileType = sourcecode.swift; path = ContentView.swift; sourceTree = "<group>"; };
		838E797C23F223C100B7A3A4 /* Assets.xcassets */ = {isa = PBXFileReference; lastKnownFileType = folder.assetcatalog; path = Assets.xcassets; sourceTree = "<group>"; };
		838E797F23F223C100B7A3A4 /* Preview Assets.xcassets */ = {isa = PBXFileReference; lastKnownFileType = folder.assetcatalog; path = "Preview Assets.xcassets"; sourceTree = "<group>"; };
		838E798223F223C100B7A3A4 /* Base */ = {isa = PBXFileReference; lastKnownFileType = file.storyboard; name = Base; path = Base.lproj/LaunchScreen.storyboard; sourceTree = "<group>"; };
		838E798423F223C100B7A3A4 /* Info.plist */ = {isa = PBXFileReference; lastKnownFileType = text.plist.xml; path = Info.plist; sourceTree = "<group>"; };
/* End PBXFileReference section */

/* Begin PBXFrameworksBuildPhase section */
		838E797023F223BF00B7A3A4 /* Frameworks */ = {
			isa = PBXFrameworksBuildPhase;
			buildActionMask = 2147483647;
			files = (
			);
			runOnlyForDeploymentPostprocessing = 0;
		};
/* End PBXFrameworksBuildPhase section */

/* Begin PBXGroup section */
		838E796A23F223BF00B7A3A4 = {
			isa = PBXGroup;
			children = (
				838E797523F223BF00B7A3A4 /* BrainTraining */,
				838E797423F223BF00B7A3A4 /* Products */,
			);
			sourceTree = "<group>";
		};
		838E797423F223BF00B7A3A4 /* Products */ = {
			isa = PBXGroup;
			children = (
				838E797323F223BF00B7A3A4 /* BrainTraining.app */,
			);
			name = Products;
			sourceTree = "<group>";
		};
		838E797523F223BF00B7A3A4 /* BrainTraining */ = {
			isa = PBXGroup;
			children = (
				838E797623F223BF00B7A3A4 /* AppDelegate.swift */,
				838E797823F223BF00B7A3A4 /* SceneDelegate.swift */,
				838E797A23F223BF00B7A3A4 /* ContentView.swift */,
				838E797C23F223C100B7A3A4 /* Assets.xcassets */,
				838E798123F223C100B7A3A4 /* LaunchScreen.storyboard */,
				838E798423F223C100B7A3A4 /* Info.plist */,
				838E797E23F223C100B7A3A4 /* Preview Content */,
			);
			path = BrainTraining;
			sourceTree = "<group>";
		};
		838E797E23F223C100B7A3A4 /* Preview Content */ = {
			isa = PBXGroup;
			children = (
				838E797F23F223C100B7A3A4 /* Preview Assets.xcassets */,
			);
			path = "Preview Content";
			sourceTree = "<group>";
		};
/* End PBXGroup section */

/* Begin PBXNativeTarget section */
		838E797223F223BF00B7A3A4 /* BrainTraining */ = {
			isa = PBXNativeTarget;
			buildConfigurationList = 838E798723F223C100B7A3A4 /* Build configuration list for PBXNativeTarget "BrainTraining" */;
			buildPhases = (
				838E796F23F223BF00B7A3A4 /* Sources */,
				838E797023F223BF00B7A3A4 /* Frameworks */,
				838E797123F223BF00B7A3A4 /* Resources */,
			);
			buildRules = (
			);
			dependencies = (
			);
			name = BrainTraining;
			productName = BrainTraining;
			productReference = 838E797323F223BF00B7A3A4 /* BrainTraining.app */;
			productType = "com.apple.product-type.application";
		};
/* End PBXNativeTarget section */

/* Begin PBXProject section */
		838E796B23F223BF00B7A3A4 /* Project object */ = {
			isa = PBXProject;
			attributes = {
				LastSwiftUpdateCheck = 1130;
				LastUpgradeCheck = 1130;
				ORGANIZATIONNAME = "Vegesna, Vijay V EX1";
				TargetAttributes = {
					838E797223F223BF00B7A3A4 = {
						CreatedOnToolsVersion = 11.3.1;
					};
				};
			};
			buildConfigurationList = 838E796E23F223BF00B7A3A4 /* Build configuration list for PBXProject "BrainTraining" */;
			compatibilityVersion = "Xcode 9.3";
			developmentRegion = en;
			hasScannedForEncodings = 0;
			knownRegions = (
				en,
				Base,
			);
			mainGroup = 838E796A23F223BF00B7A3A4;
			productRefGroup = 838E797423F223BF00B7A3A4 /* Products */;
			projectDirPath = "";
			projectRoot = "";
			targets = (
				838E797223F223BF00B7A3A4 /* BrainTraining */,
			);
		};
/* End PBXProject section */

/* Begin PBXResourcesBuildPhase section */
		838E797123F223BF00B7A3A4 /* Resources */ = {
			isa = PBXResourcesBuildPhase;
			buildActionMask = 2147483647;
			files = (
				838E798323F223C100B7A3A4 /* LaunchScreen.storyboard in Resources */,
				838E798023F223C100B7A3A4 /* Preview Assets.xcassets in Resources */,
				838E797D23F223C100B7A3A4 /* Assets.xcassets in Resources */,
			);
			runOnlyForDeploymentPostprocessing = 0;
		};
/* End PBXResourcesBuildPhase section */

/* Begin PBXSourcesBuildPhase section */
		838E796F23F223BF00B7A3A4 /* Sources */ = {
			isa = PBXSourcesBuildPhase;
			buildActionMask = 2147483647;
			files = (
				838E797723F223BF00B7A3A4 /* AppDelegate.swift in Sources */,
				838E797923F223BF00B7A3A4 /* SceneDelegate.swift in Sources */,
				838E797B23F223BF00B7A3A4 /* ContentView.swift in Sources */,
			);
			runOnlyForDeploymentPostprocessing = 0;
		};
/* End PBXSourcesBuildPhase section */

/* Begin PBXVariantGroup section */
		838E798123F223C100B7A3A4 /* LaunchScreen.storyboard */ = {
			isa = PBXVariantGroup;
			children = (
				838E798223F223C100B7A3A4 /* Base */,
			);
			name = LaunchScreen.storyboard;
			sourceTree = "<group>";
		};
/* End PBXVariantGroup section */

/* Begin XCBuildConfiguration section */
		838E798523F223C100B7A3A4 /* Debug */ = {
			isa = XCBuildConfiguration;
			buildSettings = {
				ALWAYS_SEARCH_USER_PATHS = NO;
				CLANG_ANALYZER_NONNULL = YES;
				CLANG_ANALYZER_NUMBER_OBJECT_CONVERSION = YES_AGGRESSIVE;
				CLANG_CXX_LANGUAGE_STANDARD = "gnu++14";
				CLANG_CXX_LIBRARY = "libc++";
				CLANG_ENABLE_MODULES = YES;
				CLANG_ENABLE_OBJC_ARC = YES;
				CLANG_ENABLE_OBJC_WEAK = YES;
				CLANG_WARN_BLOCK_CAPTURE_AUTORELEASING = YES;
				CLANG_WARN_BOOL_CONVERSION = YES;
				CLANG_WARN_COMMA = YES;
				CLANG_WARN_CONSTANT_CONVERSION = YES;
				CLANG_WARN_DEPRECATED_OBJC_IMPLEMENTATIONS = YES;
				CLANG_WARN_DIRECT_OBJC_ISA_USAGE = YES_ERROR;
				CLANG_WARN_DOCUMENTATION_COMMENTS = YES;
				CLANG_WARN_EMPTY_BODY = YES;
				CLANG_WARN_ENUM_CONVERSION = YES;
				CLANG_WARN_INFINITE_RECURSION = YES;
				CLANG_WARN_INT_CONVERSION = YES;
				CLANG_WARN_NON_LITERAL_NULL_CONVERSION = YES;
				CLANG_WARN_OBJC_IMPLICIT_RETAIN_SELF = YES;
				CLANG_WARN_OBJC_LITERAL_CONVERSION = YES;
				CLANG_WARN_OBJC_ROOT_CLASS = YES_ERROR;
				CLANG_WARN_RANGE_LOOP_ANALYSIS = YES;
				CLANG_WARN_STRICT_PROTOTYPES = YES;
				CLANG_WARN_SUSPICIOUS_MOVE = YES;
				CLANG_WARN_UNGUARDED_AVAILABILITY = YES_AGGRESSIVE;
				CLANG_WARN_UNREACHABLE_CODE = YES;
				CLANG_WARN__DUPLICATE_METHOD_MATCH = YES;
				COPY_PHASE_STRIP = NO;
				DEBUG_INFORMATION_FORMAT = dwarf;
				ENABLE_STRICT_OBJC_MSGSEND = YES;
				ENABLE_TESTABILITY = YES;
				GCC_C_LANGUAGE_STANDARD = gnu11;
				GCC_DYNAMIC_NO_PIC = NO;
				GCC_NO_COMMON_BLOCKS = YES;
				GCC_OPTIMIZATION_LEVEL = 0;
				GCC_PREPROCESSOR_DEFINITIONS = (
					"DEBUG=1",
					"$(inherited)",
				);
				GCC_WARN_64_TO_32_BIT_CONVERSION = YES;
				GCC_WARN_ABOUT_RETURN_TYPE = YES_ERROR;
				GCC_WARN_UNDECLARED_SELECTOR = YES;
				GCC_WARN_UNINITIALIZED_AUTOS = YES_AGGRESSIVE;
				GCC_WARN_UNUSED_FUNCTION = YES;
				GCC_WARN_UNUSED_VARIABLE = YES;
				IPHONEOS_DEPLOYMENT_TARGET = 13.2;
				MTL_ENABLE_DEBUG_INFO = INCLUDE_SOURCE;
				MTL_FAST_MATH = YES;
				ONLY_ACTIVE_ARCH = YES;
				SDKROOT = iphoneos;
				SWIFT_ACTIVE_COMPILATION_CONDITIONS = DEBUG;
				SWIFT_OPTIMIZATION_LEVEL = "-Onone";
			};
			name = Debug;
		};
		838E798623F223C100B7A3A4 /* Release */ = {
			isa = XCBuildConfiguration;
			buildSettings = {
				ALWAYS_SEARCH_USER_PATHS = NO;
				CLANG_ANALYZER_NONNULL = YES;
				CLANG_ANALYZER_NUMBER_OBJECT_CONVERSION = YES_AGGRESSIVE;
				CLANG_CXX_LANGUAGE_STANDARD = "gnu++14";
				CLANG_CXX_LIBRARY = "libc++";
				CLANG_ENABLE_MODULES = YES;
				CLANG_ENABLE_OBJC_ARC = YES;
				CLANG_ENABLE_OBJC_WEAK = YES;
				CLANG_WARN_BLOCK_CAPTURE_AUTORELEASING = YES;
				CLANG_WARN_BOOL_CONVERSION = YES;
				CLANG_WARN_COMMA = YES;
				CLANG_WARN_CONSTANT_CONVERSION = YES;
				CLANG_WARN_DEPRECATED_OBJC_IMPLEMENTATIONS = YES;
				CLANG_WARN_DIRECT_OBJC_ISA_USAGE = YES_ERROR;
				CLANG_WARN_DOCUMENTATION_COMMENTS = YES;
				CLANG_WARN_EMPTY_BODY = YES;
				CLANG_WARN_ENUM_CONVERSION = YES;
				CLANG_WARN_INFINITE_RECURSION = YES;
				CLANG_WARN_INT_CONVERSION = YES;
				CLANG_WARN_NON_LITERAL_NULL_CONVERSION = YES;
				CLANG_WARN_OBJC_IMPLICIT_RETAIN_SELF = YES;
				CLANG_WARN_OBJC_LITERAL_CONVERSION = YES;
				CLANG_WARN_OBJC_ROOT_CLASS = YES_ERROR;
				CLANG_WARN_RANGE_LOOP_ANALYSIS = YES;
				CLANG_WARN_STRICT_PROTOTYPES = YES;
				CLANG_WARN_SUSPICIOUS_MOVE = YES;
				CLANG_WARN_UNGUARDED_AVAILABILITY = YES_AGGRESSIVE;
				CLANG_WARN_UNREACHABLE_CODE = YES;
				CLANG_WARN__DUPLICATE_METHOD_MATCH = YES;
				COPY_PHASE_STRIP = NO;
				DEBUG_INFORMATION_FORMAT = "dwarf-with-dsym";
				ENABLE_NS_ASSERTIONS = NO;
				ENABLE_STRICT_OBJC_MSGSEND = YES;
				GCC_C_LANGUAGE_STANDARD = gnu11;
				GCC_NO_COMMON_BLOCKS = YES;
				GCC_WARN_64_TO_32_BIT_CONVERSION = YES;
				GCC_WARN_ABOUT_RETURN_TYPE = YES_ERROR;
				GCC_WARN_UNDECLARED_SELECTOR = YES;
				GCC_WARN_UNINITIALIZED_AUTOS = YES_AGGRESSIVE;
				GCC_WARN_UNUSED_FUNCTION = YES;
				GCC_WARN_UNUSED_VARIABLE = YES;
				IPHONEOS_DEPLOYMENT_TARGET = 13.2;
				MTL_ENABLE_DEBUG_INFO = NO;
				MTL_FAST_MATH = YES;
				SDKROOT = iphoneos;
				SWIFT_COMPILATION_MODE = wholemodule;
				SWIFT_OPTIMIZATION_LEVEL = "-O";
				VALIDATE_PRODUCT = YES;
			};
			name = Release;
		};
		838E798823F223C100B7A3A4 /* Debug */ = {
			isa = XCBuildConfiguration;
			buildSettings = {
				ASSETCATALOG_COMPILER_APPICON_NAME = AppIcon;
				CODE_SIGN_STYLE = Automatic;
				DEVELOPMENT_ASSET_PATHS = "\"BrainTraining/Preview Content\"";
				DEVELOPMENT_TEAM = R8A5WRA6YZ;
				ENABLE_PREVIEWS = YES;
				INFOPLIST_FILE = BrainTraining/Info.plist;
				LD_RUNPATH_SEARCH_PATHS = (
					"$(inherited)",
					"@executable_path/Frameworks",
				);
				PRODUCT_BUNDLE_IDENTIFIER = me.vegesna.vijay.BrainTraining;
				PRODUCT_NAME = "$(TARGET_NAME)";
				SWIFT_VERSION = 5.0;
				TARGETED_DEVICE_FAMILY = "1,2";
			};
			name = Debug;
		};
		838E798923F223C100B7A3A4 /* Release */ = {
			isa = XCBuildConfiguration;
			buildSettings = {
				ASSETCATALOG_COMPILER_APPICON_NAME = AppIcon;
				CODE_SIGN_STYLE = Automatic;
				DEVELOPMENT_ASSET_PATHS = "\"BrainTraining/Preview Content\"";
				DEVELOPMENT_TEAM = R8A5WRA6YZ;
				ENABLE_PREVIEWS = YES;
				INFOPLIST_FILE = BrainTraining/Info.plist;
				LD_RUNPATH_SEARCH_PATHS = (
					"$(inherited)",
					"@executable_path/Frameworks",
				);
				PRODUCT_BUNDLE_IDENTIFIER = me.vegesna.vijay.BrainTraining;
				PRODUCT_NAME = "$(TARGET_NAME)";
				SWIFT_VERSION = 5.0;
				TARGETED_DEVICE_FAMILY = "1,2";
			};
			name = Release;
		};
/* End XCBuildConfiguration section */

/* Begin XCConfigurationList section */
		838E796E23F223BF00B7A3A4 /* Build configuration list for PBXProject "BrainTraining" */ = {
			isa = XCConfigurationList;
			buildConfigurations = (
				838E798523F223C100B7A3A4 /* Debug */,
				838E798623F223C100B7A3A4 /* Release */,
			);
			defaultConfigurationIsVisible = 0;
			defaultConfigurationName = Release;
		};
		838E798723F223C100B7A3A4 /* Build configuration list for PBXNativeTarget "BrainTraining" */ = {
			isa = XCConfigurationList;
			buildConfigurations = (
				838E798823F223C100B7A3A4 /* Debug */,
				838E798923F223C100B7A3A4 /* Release */,
			);
			defaultConfigurationIsVisible = 0;
			defaultConfigurationName = Release;
		};
/* End XCConfigurationList section */
	};
	rootObject = 838E796B23F223BF00B7A3A4 /* Project object */;
}
